
Microsoft Visual Studio Solution File, Format Version 12.00
# Visual Studio Version 17
VisualStudioVersion = 17.10.34916.146
MinimumVisualStudioVersion = 10.0.40219.1
Project("{FAE04EC0-301F-11D3-BF4B-00C04F79EFBC}") = "RecuperacionProgramacion", "RecuperacionProgramacion\RecuperacionProgramacion.csproj", "{624166BC-2018-4960-B415-0ACDC3349299}"
EndProject
Global
	GlobalSection(SolutionConfigurationPlatforms) = preSolution
		Debug|Any CPU = Debug|Any CPU
		Release|Any CPU = Release|Any CPU
	EndGlobalSection
	GlobalSection(ProjectConfigurationPlatforms) = postSolution
		{624166BC-2018-4960-B415-0ACDC3349299}.Debug|Any CPU.ActiveCfg = Debug|Any CPU
		{624166BC-2018-4960-B415-0ACDC3349299}.Debug|Any CPU.Build.0 = Debug|Any CPU
		{624166BC-2018-4960-B415-0ACDC3349299}.Debug|Any CPU.Deploy.0 = Debug|Any CPU
		{624166BC-2018-4960-B415-0ACDC3349299}.Release|Any CPU.ActiveCfg = Release|Any CPU
		{624166BC-2018-4960-B415-0ACDC3349299}.Release|Any CPU.Build.0 = Release|Any CPU
		{624166BC-2018-4960-B415-0ACDC3349299}.Release|Any CPU.Deploy.0 = Release|Any CPU
	EndGlobalSection
	GlobalSection(SolutionProperties) = preSolution
		HideSolutionNode = FALSE
	EndGlobalSection
	GlobalSection(ExtensibilityGlobals) = postSolution
		SolutionGuid = {50D8DDBC-3DE5-483D-87E2-CEF3D0524AD2}
	EndGlobalSection
EndGlobal
